
Microsoft Visual Studio Solution File, Format Version 12.00
# Visual Studio 15
VisualStudioVersion = 15.0.28010.2046
MinimumVisualStudioVersion = 10.0.40219.1
Project("{FAE04EC0-301F-11D3-BF4B-00C04F79EFBC}") = "KingPim.Web", "KingPim.Web\KingPim.Web.csproj", "{F814705F-5339-4348-9618-F521507F3633}"
EndProject
Global
	GlobalSection(SolutionConfigurationPlatforms) = preSolution
		Debug|Any CPU = Debug|Any CPU
		Release|Any CPU = Release|Any CPU
	EndGlobalSection
	GlobalSection(ProjectConfigurationPlatforms) = postSolution
		{F814705F-5339-4348-9618-F521507F3633}.Debug|Any CPU.ActiveCfg = Debug|Any CPU
		{F814705F-5339-4348-9618-F521507F3633}.Debug|Any CPU.Build.0 = Debug|Any CPU
		{F814705F-5339-4348-9618-F521507F3633}.Release|Any CPU.ActiveCfg = Release|Any CPU
		{F814705F-5339-4348-9618-F521507F3633}.Release|Any CPU.Build.0 = Release|Any CPU
	EndGlobalSection
	GlobalSection(SolutionProperties) = preSolution
		HideSolutionNode = FALSE
	EndGlobalSection
	GlobalSection(ExtensibilityGlobals) = postSolution
		SolutionGuid = {FE022CD5-BBC8-4050-9F7F-9ECD1BC3281F}
	EndGlobalSection
EndGlobal
